// !$*UTF8*$!
{
	archiveVersion = 1;
	classes = {
	};
	objectVersion = 56;
	objects = {

/* Begin PBXBuildFile section */
		941C9EAE2BAF58FF002375B4 /* EditProfileView.swift in Sources */ = {isa = PBXBuildFile; fileRef = 941C9EAD2BAF58FF002375B4 /* EditProfileView.swift */; };
		944422AE2BAE1D12003BB32F /* ProfileThreadFilter.swift in Sources */ = {isa = PBXBuildFile; fileRef = 944422AD2BAE1D12003BB32F /* ProfileThreadFilter.swift */; };
		9445D2A02BAEEF0B002AAC2C /* ProfileNavigationIcon.swift in Sources */ = {isa = PBXBuildFile; fileRef = 9445D29F2BAEEF0B002AAC2C /* ProfileNavigationIcon.swift */; };
		944D263E2BB06C350096A580 /* GoogleService-Info.plist in Resources */ = {isa = PBXBuildFile; fileRef = 944D263D2BB06C350096A580 /* GoogleService-Info.plist */; };
		944D26412BB06D1A0096A580 /* FirebaseAuth in Frameworks */ = {isa = PBXBuildFile; productRef = 944D26402BB06D1A0096A580 /* FirebaseAuth */; };
		944D26432BB06D1A0096A580 /* FirebaseFirestore in Frameworks */ = {isa = PBXBuildFile; productRef = 944D26422BB06D1A0096A580 /* FirebaseFirestore */; };
		944D26452BB06D1A0096A580 /* FirebaseFirestoreSwift in Frameworks */ = {isa = PBXBuildFile; productRef = 944D26442BB06D1A0096A580 /* FirebaseFirestoreSwift */; };
		944D26472BB06D1A0096A580 /* FirebaseStorage in Frameworks */ = {isa = PBXBuildFile; productRef = 944D26462BB06D1A0096A580 /* FirebaseStorage */; };
		944D264B2BB072D30096A580 /* RegistrationViewModal.swift in Sources */ = {isa = PBXBuildFile; fileRef = 944D264A2BB072D30096A580 /* RegistrationViewModal.swift */; };
		944D264D2BB07CCA0096A580 /* AuthService.swift in Sources */ = {isa = PBXBuildFile; fileRef = 944D264C2BB07CCA0096A580 /* AuthService.swift */; };
		944D26512BB09EE90096A580 /* ContentViewModel.swift in Sources */ = {isa = PBXBuildFile; fileRef = 944D26502BB09EE90096A580 /* ContentViewModel.swift */; };
		9467EB7B2BAA2CA200B2D70D /* ThreadsTutorialApp.swift in Sources */ = {isa = PBXBuildFile; fileRef = 9467EB7A2BAA2CA200B2D70D /* ThreadsTutorialApp.swift */; };
		9467EB7D2BAA2CA200B2D70D /* ContentView.swift in Sources */ = {isa = PBXBuildFile; fileRef = 9467EB7C2BAA2CA200B2D70D /* ContentView.swift */; };
		9467EB7F2BAA2CA300B2D70D /* Assets.xcassets in Resources */ = {isa = PBXBuildFile; fileRef = 9467EB7E2BAA2CA300B2D70D /* Assets.xcassets */; };
		9467EB822BAA2CA300B2D70D /* Preview Assets.xcassets in Resources */ = {isa = PBXBuildFile; fileRef = 9467EB812BAA2CA300B2D70D /* Preview Assets.xcassets */; };
		94F171EF2BAA3110007EB57C /* LoginView.swift in Sources */ = {isa = PBXBuildFile; fileRef = 94F171EE2BAA3110007EB57C /* LoginView.swift */; };
		94F171F12BAA3FCD007EB57C /* RegistrationView.swift in Sources */ = {isa = PBXBuildFile; fileRef = 94F171F02BAA3FCD007EB57C /* RegistrationView.swift */; };
		94F171F62BAAF446007EB57C /* ThreadsTextFieldModifier.swift in Sources */ = {isa = PBXBuildFile; fileRef = 94F171F52BAAF446007EB57C /* ThreadsTextFieldModifier.swift */; };
		94F171F82BAAF5D3007EB57C /* ThreadsButtonFieldModifier.swift in Sources */ = {isa = PBXBuildFile; fileRef = 94F171F72BAAF5D3007EB57C /* ThreadsButtonFieldModifier.swift */; };
		94F171FD2BAAF932007EB57C /* ThreadsTabView.swift in Sources */ = {isa = PBXBuildFile; fileRef = 94F171FC2BAAF932007EB57C /* ThreadsTabView.swift */; };
		94F171FF2BAB0BF4007EB57C /* ThreadsIconModifier.swift in Sources */ = {isa = PBXBuildFile; fileRef = 94F171FE2BAB0BF4007EB57C /* ThreadsIconModifier.swift */; };
		94F172032BAB13BD007EB57C /* FeedView.swift in Sources */ = {isa = PBXBuildFile; fileRef = 94F172022BAB13BD007EB57C /* FeedView.swift */; };
		94F172072BAB1417007EB57C /* ExploreView.swift in Sources */ = {isa = PBXBuildFile; fileRef = 94F172062BAB1417007EB57C /* ExploreView.swift */; };
		94F1720B2BAB147A007EB57C /* CreateThreadView.swift in Sources */ = {isa = PBXBuildFile; fileRef = 94F1720A2BAB147A007EB57C /* CreateThreadView.swift */; };
		94F1720F2BAB14A7007EB57C /* ActivityView.swift in Sources */ = {isa = PBXBuildFile; fileRef = 94F1720E2BAB14A7007EB57C /* ActivityView.swift */; };
		94F172132BAB14D5007EB57C /* ProfileView.swift in Sources */ = {isa = PBXBuildFile; fileRef = 94F172122BAB14D5007EB57C /* ProfileView.swift */; };
		94F172152BAB1A47007EB57C /* ThreadCell.swift in Sources */ = {isa = PBXBuildFile; fileRef = 94F172142BAB1A47007EB57C /* ThreadCell.swift */; };
		94F172182BAC6FC2007EB57C /* CircularProfileImageView.swift in Sources */ = {isa = PBXBuildFile; fileRef = 94F172172BAC6FC2007EB57C /* CircularProfileImageView.swift */; };
		94F1721A2BAC707D007EB57C /* UserCell.swift in Sources */ = {isa = PBXBuildFile; fileRef = 94F172192BAC707D007EB57C /* UserCell.swift */; };
/* End PBXBuildFile section */

/* Begin PBXFileReference section */
		941C9EAD2BAF58FF002375B4 /* EditProfileView.swift */ = {isa = PBXFileReference; lastKnownFileType = sourcecode.swift; path = EditProfileView.swift; sourceTree = "<group>"; };
		944422AD2BAE1D12003BB32F /* ProfileThreadFilter.swift */ = {isa = PBXFileReference; lastKnownFileType = sourcecode.swift; path = ProfileThreadFilter.swift; sourceTree = "<group>"; };
		9445D29F2BAEEF0B002AAC2C /* ProfileNavigationIcon.swift */ = {isa = PBXFileReference; lastKnownFileType = sourcecode.swift; path = ProfileNavigationIcon.swift; sourceTree = "<group>"; };
		944D263D2BB06C350096A580 /* GoogleService-Info.plist */ = {isa = PBXFileReference; fileEncoding = 4; lastKnownFileType = text.plist.xml; path = "GoogleService-Info.plist"; sourceTree = "<group>"; };
		944D264A2BB072D30096A580 /* RegistrationViewModal.swift */ = {isa = PBXFileReference; lastKnownFileType = sourcecode.swift; path = RegistrationViewModal.swift; sourceTree = "<group>"; };
		944D264C2BB07CCA0096A580 /* AuthService.swift */ = {isa = PBXFileReference; lastKnownFileType = sourcecode.swift; path = AuthService.swift; sourceTree = "<group>"; };
		944D26502BB09EE90096A580 /* ContentViewModel.swift */ = {isa = PBXFileReference; lastKnownFileType = sourcecode.swift; path = ContentViewModel.swift; sourceTree = "<group>"; };
		9467EB772BAA2CA200B2D70D /* ThreadsTutorial.app */ = {isa = PBXFileReference; explicitFileType = wrapper.application; includeInIndex = 0; path = ThreadsTutorial.app; sourceTree = BUILT_PRODUCTS_DIR; };
		9467EB7A2BAA2CA200B2D70D /* ThreadsTutorialApp.swift */ = {isa = PBXFileReference; lastKnownFileType = sourcecode.swift; path = ThreadsTutorialApp.swift; sourceTree = "<group>"; };
		9467EB7C2BAA2CA200B2D70D /* ContentView.swift */ = {isa = PBXFileReference; lastKnownFileType = sourcecode.swift; path = ContentView.swift; sourceTree = "<group>"; };
		9467EB7E2BAA2CA300B2D70D /* Assets.xcassets */ = {isa = PBXFileReference; lastKnownFileType = folder.assetcatalog; path = Assets.xcassets; sourceTree = "<group>"; };
		9467EB812BAA2CA300B2D70D /* Preview Assets.xcassets */ = {isa = PBXFileReference; lastKnownFileType = folder.assetcatalog; path = "Preview Assets.xcassets"; sourceTree = "<group>"; };
		94F171EE2BAA3110007EB57C /* LoginView.swift */ = {isa = PBXFileReference; lastKnownFileType = sourcecode.swift; path = LoginView.swift; sourceTree = "<group>"; };
		94F171F02BAA3FCD007EB57C /* RegistrationView.swift */ = {isa = PBXFileReference; lastKnownFileType = sourcecode.swift; path = RegistrationView.swift; sourceTree = "<group>"; };
		94F171F52BAAF446007EB57C /* ThreadsTextFieldModifier.swift */ = {isa = PBXFileReference; lastKnownFileType = sourcecode.swift; path = ThreadsTextFieldModifier.swift; sourceTree = "<group>"; };
		94F171F72BAAF5D3007EB57C /* ThreadsButtonFieldModifier.swift */ = {isa = PBXFileReference; lastKnownFileType = sourcecode.swift; path = ThreadsButtonFieldModifier.swift; sourceTree = "<group>"; };
		94F171FC2BAAF932007EB57C /* ThreadsTabView.swift */ = {isa = PBXFileReference; lastKnownFileType = sourcecode.swift; path = ThreadsTabView.swift; sourceTree = "<group>"; };
		94F171FE2BAB0BF4007EB57C /* ThreadsIconModifier.swift */ = {isa = PBXFileReference; lastKnownFileType = sourcecode.swift; path = ThreadsIconModifier.swift; sourceTree = "<group>"; };
		94F172022BAB13BD007EB57C /* FeedView.swift */ = {isa = PBXFileReference; lastKnownFileType = sourcecode.swift; path = FeedView.swift; sourceTree = "<group>"; };
		94F172062BAB1417007EB57C /* ExploreView.swift */ = {isa = PBXFileReference; lastKnownFileType = sourcecode.swift; path = ExploreView.swift; sourceTree = "<group>"; };
		94F1720A2BAB147A007EB57C /* CreateThreadView.swift */ = {isa = PBXFileReference; lastKnownFileType = sourcecode.swift; path = CreateThreadView.swift; sourceTree = "<group>"; };
		94F1720E2BAB14A7007EB57C /* ActivityView.swift */ = {isa = PBXFileReference; lastKnownFileType = sourcecode.swift; path = ActivityView.swift; sourceTree = "<group>"; };
		94F172122BAB14D5007EB57C /* ProfileView.swift */ = {isa = PBXFileReference; lastKnownFileType = sourcecode.swift; path = ProfileView.swift; sourceTree = "<group>"; };
		94F172142BAB1A47007EB57C /* ThreadCell.swift */ = {isa = PBXFileReference; lastKnownFileType = sourcecode.swift; path = ThreadCell.swift; sourceTree = "<group>"; };
		94F172172BAC6FC2007EB57C /* CircularProfileImageView.swift */ = {isa = PBXFileReference; lastKnownFileType = sourcecode.swift; path = CircularProfileImageView.swift; sourceTree = "<group>"; };
		94F172192BAC707D007EB57C /* UserCell.swift */ = {isa = PBXFileReference; lastKnownFileType = sourcecode.swift; path = UserCell.swift; sourceTree = "<group>"; };
/* End PBXFileReference section */

/* Begin PBXFrameworksBuildPhase section */
		9467EB742BAA2CA200B2D70D /* Frameworks */ = {
			isa = PBXFrameworksBuildPhase;
			buildActionMask = 2147483647;
			files = (
				944D26412BB06D1A0096A580 /* FirebaseAuth in Frameworks */,
				944D26472BB06D1A0096A580 /* FirebaseStorage in Frameworks */,
				944D26432BB06D1A0096A580 /* FirebaseFirestore in Frameworks */,
				944D26452BB06D1A0096A580 /* FirebaseFirestoreSwift in Frameworks */,
			);
			runOnlyForDeploymentPostprocessing = 0;
		};
/* End PBXFrameworksBuildPhase section */

/* Begin PBXGroup section */
		941C9EAC2BAF58E0002375B4 /* EditProfile */ = {
			isa = PBXGroup;
			children = (
				941C9EAD2BAF58FF002375B4 /* EditProfileView.swift */,
			);
			path = EditProfile;
			sourceTree = "<group>";
		};
		944422AC2BAE1CFC003BB32F /* Model */ = {
			isa = PBXGroup;
			children = (
				944422AD2BAE1D12003BB32F /* ProfileThreadFilter.swift */,
			);
			path = Model;
			sourceTree = "<group>";
		};
		9445D29C2BAEEEE6002AAC2C /* ViewModifiers */ = {
			isa = PBXGroup;
			children = (
				9445D29F2BAEEF0B002AAC2C /* ProfileNavigationIcon.swift */,
			);
			path = ViewModifiers;
			sourceTree = "<group>";
		};
		944D26482BB072970096A580 /* ViewModel */ = {
			isa = PBXGroup;
			children = (
				944D264A2BB072D30096A580 /* RegistrationViewModal.swift */,
			);
			path = ViewModel;
			sourceTree = "<group>";
		};
		944D26492BB072A30096A580 /* Service */ = {
			isa = PBXGroup;
			children = (
				944D264C2BB07CCA0096A580 /* AuthService.swift */,
			);
			path = Service;
			sourceTree = "<group>";
		};
		944D264E2BB09E970096A580 /* View */ = {
			isa = PBXGroup;
			children = (
				9467EB7C2BAA2CA200B2D70D /* ContentView.swift */,
			);
			path = View;
			sourceTree = "<group>";
		};
		944D264F2BB09E9B0096A580 /* ViewModel */ = {
			isa = PBXGroup;
			children = (
				944D26502BB09EE90096A580 /* ContentViewModel.swift */,
			);
			path = ViewModel;
			sourceTree = "<group>";
		};
		9467EB6E2BAA2CA200B2D70D = {
			isa = PBXGroup;
			children = (
				9467EB792BAA2CA200B2D70D /* ThreadsTutorial */,
				9467EB782BAA2CA200B2D70D /* Products */,
			);
			sourceTree = "<group>";
		};
		9467EB782BAA2CA200B2D70D /* Products */ = {
			isa = PBXGroup;
			children = (
				9467EB772BAA2CA200B2D70D /* ThreadsTutorial.app */,
			);
			name = Products;
			sourceTree = "<group>";
		};
		9467EB792BAA2CA200B2D70D /* ThreadsTutorial */ = {
			isa = PBXGroup;
			children = (
				94F171EA2BAA2FD2007EB57C /* App */,
				94F171E92BAA2FD1007EB57C /* Core */,
				94F171E82BAA2FD0007EB57C /* Extensions */,
				94F171E72BAA2FCF007EB57C /* Model */,
				94F171E62BAA2FC9007EB57C /* Services */,
				94F171E12BAA2FB7007EB57C /* Utils  */,
				9467EB7E2BAA2CA300B2D70D /* Assets.xcassets */,
				944D263D2BB06C350096A580 /* GoogleService-Info.plist */,
				9467EB802BAA2CA300B2D70D /* Preview Content */,
			);
			path = ThreadsTutorial;
			sourceTree = "<group>";
		};
		9467EB802BAA2CA300B2D70D /* Preview Content */ = {
			isa = PBXGroup;
			children = (
				9467EB812BAA2CA300B2D70D /* Preview Assets.xcassets */,
			);
			path = "Preview Content";
			sourceTree = "<group>";
		};
		94F171E12BAA2FB7007EB57C /* Utils  */ = {
			isa = PBXGroup;
			children = (
				94F171F22BAAF3EA007EB57C /* ViewModifiers */,
			);
			path = "Utils ";
			sourceTree = "<group>";
		};
		94F171E62BAA2FC9007EB57C /* Services */ = {
			isa = PBXGroup;
			children = (
			);
			path = Services;
			sourceTree = "<group>";
		};
		94F171E72BAA2FCF007EB57C /* Model */ = {
			isa = PBXGroup;
			children = (
			);
			path = Model;
			sourceTree = "<group>";
		};
		94F171E82BAA2FD0007EB57C /* Extensions */ = {
			isa = PBXGroup;
			children = (
			);
			path = Extensions;
			sourceTree = "<group>";
		};
		94F171E92BAA2FD1007EB57C /* Core */ = {
			isa = PBXGroup;
			children = (
				94F1720C2BAB1486007EB57C /* Activity */,
				94F171EC2BAA30A4007EB57C /* Authentication */,
				94F172082BAB144C007EB57C /* CreateThread */,
				94F172162BAC6F99007EB57C /* Components */,
				94F172042BAB1405007EB57C /* Explore */,
				94F172002BAB1388007EB57C /* Feed */,
				94F172102BAB14C5007EB57C /* Profile */,
				94F171EB2BAA30A3007EB57C /* Root */,
				94F171F92BAAF8F7007EB57C /* TabBar */,
			);
			path = Core;
			sourceTree = "<group>";
		};
		94F171EA2BAA2FD2007EB57C /* App */ = {
			isa = PBXGroup;
			children = (
				9467EB7A2BAA2CA200B2D70D /* ThreadsTutorialApp.swift */,
			);
			path = App;
			sourceTree = "<group>";
		};
		94F171EB2BAA30A3007EB57C /* Root */ = {
			isa = PBXGroup;
			children = (
				944D264E2BB09E970096A580 /* View */,
				944D264F2BB09E9B0096A580 /* ViewModel */,
			);
			path = Root;
			sourceTree = "<group>";
		};
		94F171EC2BAA30A4007EB57C /* Authentication */ = {
			isa = PBXGroup;
			children = (
				944D26492BB072A30096A580 /* Service */,
				944D26482BB072970096A580 /* ViewModel */,
				94F171ED2BAA30DB007EB57C /* Views */,
			);
			path = Authentication;
			sourceTree = "<group>";
		};
		94F171ED2BAA30DB007EB57C /* Views */ = {
			isa = PBXGroup;
			children = (
				94F171EE2BAA3110007EB57C /* LoginView.swift */,
				94F171F02BAA3FCD007EB57C /* RegistrationView.swift */,
			);
			path = Views;
			sourceTree = "<group>";
		};
		94F171F22BAAF3EA007EB57C /* ViewModifiers */ = {
			isa = PBXGroup;
			children = (
				94F171F52BAAF446007EB57C /* ThreadsTextFieldModifier.swift */,
				94F171F72BAAF5D3007EB57C /* ThreadsButtonFieldModifier.swift */,
				94F171FE2BAB0BF4007EB57C /* ThreadsIconModifier.swift */,
			);
			path = ViewModifiers;
			sourceTree = "<group>";
		};
		94F171F92BAAF8F7007EB57C /* TabBar */ = {
			isa = PBXGroup;
			children = (
				94F171FC2BAAF932007EB57C /* ThreadsTabView.swift */,
			);
			path = TabBar;
			sourceTree = "<group>";
		};
		94F172002BAB1388007EB57C /* Feed */ = {
			isa = PBXGroup;
			children = (
				94F172012BAB13A4007EB57C /* View */,
			);
			path = Feed;
			sourceTree = "<group>";
		};
		94F172012BAB13A4007EB57C /* View */ = {
			isa = PBXGroup;
			children = (
				94F172022BAB13BD007EB57C /* FeedView.swift */,
				94F172142BAB1A47007EB57C /* ThreadCell.swift */,
			);
			path = View;
			sourceTree = "<group>";
		};
		94F172042BAB1405007EB57C /* Explore */ = {
			isa = PBXGroup;
			children = (
				94F172052BAB140B007EB57C /* View */,
			);
			path = Explore;
			sourceTree = "<group>";
		};
		94F172052BAB140B007EB57C /* View */ = {
			isa = PBXGroup;
			children = (
				94F172062BAB1417007EB57C /* ExploreView.swift */,
			);
			path = View;
			sourceTree = "<group>";
		};
		94F172082BAB144C007EB57C /* CreateThread */ = {
			isa = PBXGroup;
			children = (
				94F172092BAB1471007EB57C /* View */,
			);
			path = CreateThread;
			sourceTree = "<group>";
		};
		94F172092BAB1471007EB57C /* View */ = {
			isa = PBXGroup;
			children = (
				94F1720A2BAB147A007EB57C /* CreateThreadView.swift */,
			);
			path = View;
			sourceTree = "<group>";
		};
		94F1720C2BAB1486007EB57C /* Activity */ = {
			isa = PBXGroup;
			children = (
				94F1720D2BAB149C007EB57C /* View */,
			);
			path = Activity;
			sourceTree = "<group>";
		};
		94F1720D2BAB149C007EB57C /* View */ = {
			isa = PBXGroup;
			children = (
				94F1720E2BAB14A7007EB57C /* ActivityView.swift */,
			);
			path = View;
			sourceTree = "<group>";
		};
		94F172102BAB14C5007EB57C /* Profile */ = {
			isa = PBXGroup;
			children = (
				941C9EAC2BAF58E0002375B4 /* EditProfile */,
				9445D29C2BAEEEE6002AAC2C /* ViewModifiers */,
				944422AC2BAE1CFC003BB32F /* Model */,
				94F172112BAB14CB007EB57C /* View */,
			);
			path = Profile;
			sourceTree = "<group>";
		};
		94F172112BAB14CB007EB57C /* View */ = {
			isa = PBXGroup;
			children = (
				94F172122BAB14D5007EB57C /* ProfileView.swift */,
			);
			path = View;
			sourceTree = "<group>";
		};
		94F172162BAC6F99007EB57C /* Components */ = {
			isa = PBXGroup;
			children = (
				94F172172BAC6FC2007EB57C /* CircularProfileImageView.swift */,
				94F172192BAC707D007EB57C /* UserCell.swift */,
			);
			path = Components;
			sourceTree = "<group>";
		};
/* End PBXGroup section */

/* Begin PBXNativeTarget section */
		9467EB762BAA2CA200B2D70D /* ThreadsTutorial */ = {
			isa = PBXNativeTarget;
			buildConfigurationList = 9467EB852BAA2CA300B2D70D /* Build configuration list for PBXNativeTarget "ThreadsTutorial" */;
			buildPhases = (
				9467EB732BAA2CA200B2D70D /* Sources */,
				9467EB742BAA2CA200B2D70D /* Frameworks */,
				9467EB752BAA2CA200B2D70D /* Resources */,
			);
			buildRules = (
			);
			dependencies = (
			);
			name = ThreadsTutorial;
			packageProductDependencies = (
				944D26402BB06D1A0096A580 /* FirebaseAuth */,
				944D26422BB06D1A0096A580 /* FirebaseFirestore */,
				944D26442BB06D1A0096A580 /* FirebaseFirestoreSwift */,
				944D26462BB06D1A0096A580 /* FirebaseStorage */,
			);
			productName = ThreadsTutorial;
			productReference = 9467EB772BAA2CA200B2D70D /* ThreadsTutorial.app */;
			productType = "com.apple.product-type.application";
		};
/* End PBXNativeTarget section */

/* Begin PBXProject section */
		9467EB6F2BAA2CA200B2D70D /* Project object */ = {
			isa = PBXProject;
			attributes = {
				BuildIndependentTargetsInParallel = 1;
				LastSwiftUpdateCheck = 1430;
				LastUpgradeCheck = 1430;
				TargetAttributes = {
					9467EB762BAA2CA200B2D70D = {
						CreatedOnToolsVersion = 14.3.1;
					};
				};
			};
			buildConfigurationList = 9467EB722BAA2CA200B2D70D /* Build configuration list for PBXProject "ThreadsTutorial" */;
			compatibilityVersion = "Xcode 14.0";
			developmentRegion = en;
			hasScannedForEncodings = 0;
			knownRegions = (
				en,
				Base,
			);
			mainGroup = 9467EB6E2BAA2CA200B2D70D;
			packageReferences = (
				944D263F2BB06D1A0096A580 /* XCRemoteSwiftPackageReference "firebase-ios-sdk" */,
			);
			productRefGroup = 9467EB782BAA2CA200B2D70D /* Products */;
			projectDirPath = "";
			projectRoot = "";
			targets = (
				9467EB762BAA2CA200B2D70D /* ThreadsTutorial */,
			);
		};
/* End PBXProject section */

/* Begin PBXResourcesBuildPhase section */
		9467EB752BAA2CA200B2D70D /* Resources */ = {
			isa = PBXResourcesBuildPhase;
			buildActionMask = 2147483647;
			files = (
				9467EB822BAA2CA300B2D70D /* Preview Assets.xcassets in Resources */,
				9467EB7F2BAA2CA300B2D70D /* Assets.xcassets in Resources */,
				944D263E2BB06C350096A580 /* GoogleService-Info.plist in Resources */,
			);
			runOnlyForDeploymentPostprocessing = 0;
		};
/* End PBXResourcesBuildPhase section */

/* Begin PBXSourcesBuildPhase section */
		9467EB732BAA2CA200B2D70D /* Sources */ = {
			isa = PBXSourcesBuildPhase;
			buildActionMask = 2147483647;
			files = (
				94F171EF2BAA3110007EB57C /* LoginView.swift in Sources */,
				94F172132BAB14D5007EB57C /* ProfileView.swift in Sources */,
				94F172032BAB13BD007EB57C /* FeedView.swift in Sources */,
				94F171FD2BAAF932007EB57C /* ThreadsTabView.swift in Sources */,
				9445D2A02BAEEF0B002AAC2C /* ProfileNavigationIcon.swift in Sources */,
				94F172182BAC6FC2007EB57C /* CircularProfileImageView.swift in Sources */,
				944D264D2BB07CCA0096A580 /* AuthService.swift in Sources */,
				9467EB7D2BAA2CA200B2D70D /* ContentView.swift in Sources */,
				94F172072BAB1417007EB57C /* ExploreView.swift in Sources */,
				94F1720F2BAB14A7007EB57C /* ActivityView.swift in Sources */,
				94F1721A2BAC707D007EB57C /* UserCell.swift in Sources */,
				94F171F62BAAF446007EB57C /* ThreadsTextFieldModifier.swift in Sources */,
				94F1720B2BAB147A007EB57C /* CreateThreadView.swift in Sources */,
				944422AE2BAE1D12003BB32F /* ProfileThreadFilter.swift in Sources */,
				944D264B2BB072D30096A580 /* RegistrationViewModal.swift in Sources */,
				941C9EAE2BAF58FF002375B4 /* EditProfileView.swift in Sources */,
				9467EB7B2BAA2CA200B2D70D /* ThreadsTutorialApp.swift in Sources */,
				94F171F82BAAF5D3007EB57C /* ThreadsButtonFieldModifier.swift in Sources */,
				944D26512BB09EE90096A580 /* ContentViewModel.swift in Sources */,
				94F172152BAB1A47007EB57C /* ThreadCell.swift in Sources */,
				94F171F12BAA3FCD007EB57C /* RegistrationView.swift in Sources */,
				94F171FF2BAB0BF4007EB57C /* ThreadsIconModifier.swift in Sources */,
			);
			runOnlyForDeploymentPostprocessing = 0;
		};
/* End PBXSourcesBuildPhase section */

/* Begin XCBuildConfiguration section */
		9467EB832BAA2CA300B2D70D /* Debug */ = {
			isa = XCBuildConfiguration;
			buildSettings = {
				ALWAYS_SEARCH_USER_PATHS = NO;
				CLANG_ANALYZER_NONNULL = YES;
				CLANG_ANALYZER_NUMBER_OBJECT_CONVERSION = YES_AGGRESSIVE;
				CLANG_CXX_LANGUAGE_STANDARD = "gnu++20";
				CLANG_ENABLE_MODULES = YES;
				CLANG_ENABLE_OBJC_ARC = YES;
				CLANG_ENABLE_OBJC_WEAK = YES;
				CLANG_WARN_BLOCK_CAPTURE_AUTORELEASING = YES;
				CLANG_WARN_BOOL_CONVERSION = YES;
				CLANG_WARN_COMMA = YES;
				CLANG_WARN_CONSTANT_CONVERSION = YES;
				CLANG_WARN_DEPRECATED_OBJC_IMPLEMENTATIONS = YES;
				CLANG_WARN_DIRECT_OBJC_ISA_USAGE = YES_ERROR;
				CLANG_WARN_DOCUMENTATION_COMMENTS = YES;
				CLANG_WARN_EMPTY_BODY = YES;
				CLANG_WARN_ENUM_CONVERSION = YES;
				CLANG_WARN_INFINITE_RECURSION = YES;
				CLANG_WARN_INT_CONVERSION = YES;
				CLANG_WARN_NON_LITERAL_NULL_CONVERSION = YES;
				CLANG_WARN_OBJC_IMPLICIT_RETAIN_SELF = YES;
				CLANG_WARN_OBJC_LITERAL_CONVERSION = YES;
				CLANG_WARN_OBJC_ROOT_CLASS = YES_ERROR;
				CLANG_WARN_QUOTED_INCLUDE_IN_FRAMEWORK_HEADER = YES;
				CLANG_WARN_RANGE_LOOP_ANALYSIS = YES;
				CLANG_WARN_STRICT_PROTOTYPES = YES;
				CLANG_WARN_SUSPICIOUS_MOVE = YES;
				CLANG_WARN_UNGUARDED_AVAILABILITY = YES_AGGRESSIVE;
				CLANG_WARN_UNREACHABLE_CODE = YES;
				CLANG_WARN__DUPLICATE_METHOD_MATCH = YES;
				COPY_PHASE_STRIP = NO;
				DEBUG_INFORMATION_FORMAT = dwarf;
				ENABLE_STRICT_OBJC_MSGSEND = YES;
				ENABLE_TESTABILITY = YES;
				GCC_C_LANGUAGE_STANDARD = gnu11;
				GCC_DYNAMIC_NO_PIC = NO;
				GCC_NO_COMMON_BLOCKS = YES;
				GCC_OPTIMIZATION_LEVEL = 0;
				GCC_PREPROCESSOR_DEFINITIONS = (
					"DEBUG=1",
					"$(inherited)",
				);
				GCC_WARN_64_TO_32_BIT_CONVERSION = YES;
				GCC_WARN_ABOUT_RETURN_TYPE = YES_ERROR;
				GCC_WARN_UNDECLARED_SELECTOR = YES;
				GCC_WARN_UNINITIALIZED_AUTOS = YES_AGGRESSIVE;
				GCC_WARN_UNUSED_FUNCTION = YES;
				GCC_WARN_UNUSED_VARIABLE = YES;
				IPHONEOS_DEPLOYMENT_TARGET = 16.4;
				MTL_ENABLE_DEBUG_INFO = INCLUDE_SOURCE;
				MTL_FAST_MATH = YES;
				ONLY_ACTIVE_ARCH = YES;
				SDKROOT = iphoneos;
				SWIFT_ACTIVE_COMPILATION_CONDITIONS = DEBUG;
				SWIFT_OPTIMIZATION_LEVEL = "-Onone";
			};
			name = Debug;
		};
		9467EB842BAA2CA300B2D70D /* Release */ = {
			isa = XCBuildConfiguration;
			buildSettings = {
				ALWAYS_SEARCH_USER_PATHS = NO;
				CLANG_ANALYZER_NONNULL = YES;
				CLANG_ANALYZER_NUMBER_OBJECT_CONVERSION = YES_AGGRESSIVE;
				CLANG_CXX_LANGUAGE_STANDARD = "gnu++20";
				CLANG_ENABLE_MODULES = YES;
				CLANG_ENABLE_OBJC_ARC = YES;
				CLANG_ENABLE_OBJC_WEAK = YES;
				CLANG_WARN_BLOCK_CAPTURE_AUTORELEASING = YES;
				CLANG_WARN_BOOL_CONVERSION = YES;
				CLANG_WARN_COMMA = YES;
				CLANG_WARN_CONSTANT_CONVERSION = YES;
				CLANG_WARN_DEPRECATED_OBJC_IMPLEMENTATIONS = YES;
				CLANG_WARN_DIRECT_OBJC_ISA_USAGE = YES_ERROR;
				CLANG_WARN_DOCUMENTATION_COMMENTS = YES;
				CLANG_WARN_EMPTY_BODY = YES;
				CLANG_WARN_ENUM_CONVERSION = YES;
				CLANG_WARN_INFINITE_RECURSION = YES;
				CLANG_WARN_INT_CONVERSION = YES;
				CLANG_WARN_NON_LITERAL_NULL_CONVERSION = YES;
				CLANG_WARN_OBJC_IMPLICIT_RETAIN_SELF = YES;
				CLANG_WARN_OBJC_LITERAL_CONVERSION = YES;
				CLANG_WARN_OBJC_ROOT_CLASS = YES_ERROR;
				CLANG_WARN_QUOTED_INCLUDE_IN_FRAMEWORK_HEADER = YES;
				CLANG_WARN_RANGE_LOOP_ANALYSIS = YES;
				CLANG_WARN_STRICT_PROTOTYPES = YES;
				CLANG_WARN_SUSPICIOUS_MOVE = YES;
				CLANG_WARN_UNGUARDED_AVAILABILITY = YES_AGGRESSIVE;
				CLANG_WARN_UNREACHABLE_CODE = YES;
				CLANG_WARN__DUPLICATE_METHOD_MATCH = YES;
				COPY_PHASE_STRIP = NO;
				DEBUG_INFORMATION_FORMAT = "dwarf-with-dsym";
				ENABLE_NS_ASSERTIONS = NO;
				ENABLE_STRICT_OBJC_MSGSEND = YES;
				GCC_C_LANGUAGE_STANDARD = gnu11;
				GCC_NO_COMMON_BLOCKS = YES;
				GCC_WARN_64_TO_32_BIT_CONVERSION = YES;
				GCC_WARN_ABOUT_RETURN_TYPE = YES_ERROR;
				GCC_WARN_UNDECLARED_SELECTOR = YES;
				GCC_WARN_UNINITIALIZED_AUTOS = YES_AGGRESSIVE;
				GCC_WARN_UNUSED_FUNCTION = YES;
				GCC_WARN_UNUSED_VARIABLE = YES;
				IPHONEOS_DEPLOYMENT_TARGET = 16.4;
				MTL_ENABLE_DEBUG_INFO = NO;
				MTL_FAST_MATH = YES;
				SDKROOT = iphoneos;
				SWIFT_COMPILATION_MODE = wholemodule;
				SWIFT_OPTIMIZATION_LEVEL = "-O";
				VALIDATE_PRODUCT = YES;
			};
			name = Release;
		};
		9467EB862BAA2CA300B2D70D /* Debug */ = {
			isa = XCBuildConfiguration;
			buildSettings = {
				ASSETCATALOG_COMPILER_APPICON_NAME = AppIcon;
				ASSETCATALOG_COMPILER_GLOBAL_ACCENT_COLOR_NAME = AccentColor;
				CODE_SIGN_STYLE = Automatic;
				CURRENT_PROJECT_VERSION = 1;
				DEVELOPMENT_ASSET_PATHS = "\"ThreadsTutorial/Preview Content\"";
				DEVELOPMENT_TEAM = BWCFA5MJHF;
				ENABLE_PREVIEWS = YES;
				GENERATE_INFOPLIST_FILE = YES;
				INFOPLIST_KEY_UIApplicationSceneManifest_Generation = YES;
				INFOPLIST_KEY_UIApplicationSupportsIndirectInputEvents = YES;
				INFOPLIST_KEY_UILaunchScreen_Generation = YES;
				INFOPLIST_KEY_UISupportedInterfaceOrientations_iPad = "UIInterfaceOrientationPortrait UIInterfaceOrientationPortraitUpsideDown UIInterfaceOrientationLandscapeLeft UIInterfaceOrientationLandscapeRight";
				INFOPLIST_KEY_UISupportedInterfaceOrientations_iPhone = "UIInterfaceOrientationPortrait UIInterfaceOrientationLandscapeLeft UIInterfaceOrientationLandscapeRight";
				LD_RUNPATH_SEARCH_PATHS = (
					"$(inherited)",
					"@executable_path/Frameworks",
				);
				MARKETING_VERSION = 1.0;
				PRODUCT_BUNDLE_IDENTIFIER = com.firstApplicationOfUdemy.ThreadsTutorial;
				PRODUCT_NAME = "$(TARGET_NAME)";
				SWIFT_EMIT_LOC_STRINGS = YES;
				SWIFT_VERSION = 5.0;
				TARGETED_DEVICE_FAMILY = "1,2";
			};
			name = Debug;
		};
		9467EB872BAA2CA300B2D70D /* Release */ = {
			isa = XCBuildConfiguration;
			buildSettings = {
				ASSETCATALOG_COMPILER_APPICON_NAME = AppIcon;
				ASSETCATALOG_COMPILER_GLOBAL_ACCENT_COLOR_NAME = AccentColor;
				CODE_SIGN_STYLE = Automatic;
				CURRENT_PROJECT_VERSION = 1;
				DEVELOPMENT_ASSET_PATHS = "\"ThreadsTutorial/Preview Content\"";
				DEVELOPMENT_TEAM = BWCFA5MJHF;
				ENABLE_PREVIEWS = YES;
				GENERATE_INFOPLIST_FILE = YES;
				INFOPLIST_KEY_UIApplicationSceneManifest_Generation = YES;
				INFOPLIST_KEY_UIApplicationSupportsIndirectInputEvents = YES;
				INFOPLIST_KEY_UILaunchScreen_Generation = YES;
				INFOPLIST_KEY_UISupportedInterfaceOrientations_iPad = "UIInterfaceOrientationPortrait UIInterfaceOrientationPortraitUpsideDown UIInterfaceOrientationLandscapeLeft UIInterfaceOrientationLandscapeRight";
				INFOPLIST_KEY_UISupportedInterfaceOrientations_iPhone = "UIInterfaceOrientationPortrait UIInterfaceOrientationLandscapeLeft UIInterfaceOrientationLandscapeRight";
				LD_RUNPATH_SEARCH_PATHS = (
					"$(inherited)",
					"@executable_path/Frameworks",
				);
				MARKETING_VERSION = 1.0;
				PRODUCT_BUNDLE_IDENTIFIER = com.firstApplicationOfUdemy.ThreadsTutorial;
				PRODUCT_NAME = "$(TARGET_NAME)";
				SWIFT_EMIT_LOC_STRINGS = YES;
				SWIFT_VERSION = 5.0;
				TARGETED_DEVICE_FAMILY = "1,2";
			};
			name = Release;
		};
/* End XCBuildConfiguration section */

/* Begin XCConfigurationList section */
		9467EB722BAA2CA200B2D70D /* Build configuration list for PBXProject "ThreadsTutorial" */ = {
			isa = XCConfigurationList;
			buildConfigurations = (
				9467EB832BAA2CA300B2D70D /* Debug */,
				9467EB842BAA2CA300B2D70D /* Release */,
			);
			defaultConfigurationIsVisible = 0;
			defaultConfigurationName = Release;
		};
		9467EB852BAA2CA300B2D70D /* Build configuration list for PBXNativeTarget "ThreadsTutorial" */ = {
			isa = XCConfigurationList;
			buildConfigurations = (
				9467EB862BAA2CA300B2D70D /* Debug */,
				9467EB872BAA2CA300B2D70D /* Release */,
			);
			defaultConfigurationIsVisible = 0;
			defaultConfigurationName = Release;
		};
/* End XCConfigurationList section */

/* Begin XCRemoteSwiftPackageReference section */
		944D263F2BB06D1A0096A580 /* XCRemoteSwiftPackageReference "firebase-ios-sdk" */ = {
			isa = XCRemoteSwiftPackageReference;
			repositoryURL = "https://github.com/firebase/firebase-ios-sdk";
			requirement = {
				kind = upToNextMajorVersion;
				minimumVersion = 10.0.0;
			};
		};
/* End XCRemoteSwiftPackageReference section */

/* Begin XCSwiftPackageProductDependency section */
		944D26402BB06D1A0096A580 /* FirebaseAuth */ = {
			isa = XCSwiftPackageProductDependency;
			package = 944D263F2BB06D1A0096A580 /* XCRemoteSwiftPackageReference "firebase-ios-sdk" */;
			productName = FirebaseAuth;
		};
		944D26422BB06D1A0096A580 /* FirebaseFirestore */ = {
			isa = XCSwiftPackageProductDependency;
			package = 944D263F2BB06D1A0096A580 /* XCRemoteSwiftPackageReference "firebase-ios-sdk" */;
			productName = FirebaseFirestore;
		};
		944D26442BB06D1A0096A580 /* FirebaseFirestoreSwift */ = {
			isa = XCSwiftPackageProductDependency;
			package = 944D263F2BB06D1A0096A580 /* XCRemoteSwiftPackageReference "firebase-ios-sdk" */;
			productName = FirebaseFirestoreSwift;
		};
		944D26462BB06D1A0096A580 /* FirebaseStorage */ = {
			isa = XCSwiftPackageProductDependency;
			package = 944D263F2BB06D1A0096A580 /* XCRemoteSwiftPackageReference "firebase-ios-sdk" */;
			productName = FirebaseStorage;
		};
/* End XCSwiftPackageProductDependency section */
	};
	rootObject = 9467EB6F2BAA2CA200B2D70D /* Project object */;
}
